
Microsoft Visual Studio Solution File, Format Version 12.00
#
Project("{FAE04EC0-301F-11D3-BF4B-00C04F79EFBC}") = "Rundog.Web", "src\Rundog.Web\Rundog.Web.csproj", "{04BA7F93-5EF6-4984-ADB3-28E7EBF5B521}"
EndProject
Project("{FAE04EC0-301F-11D3-BF4B-00C04F79EFBC}") = "Rundog.Acceptance.Tests", "tests\Rundog.Acceptance.Tests\Rundog.Acceptance.Tests.csproj", "{14F2AF26-C75F-4B32-8B1E-23FD40E1D38F}"
EndProject
Project("{FAE04EC0-301F-11D3-BF4B-00C04F79EFBC}") = "Rundog.Core", "src\Rundog.Core\Rundog.Core.csproj", "{F6B8E20A-8013-405C-A506-B619879D7E54}"
EndProject
Project("{2150E333-8FDC-42A3-9474-1A3956D46DE8}") = "tests", "tests", "{15A237E5-26D2-4A68-8CBE-E3A571058660}"
EndProject
Project("{2150E333-8FDC-42A3-9474-1A3956D46DE8}") = "src", "src", "{8EF2CAD6-FEED-4DF2-94C5-4D6B474529E9}"
EndProject
Global
	GlobalSection(SolutionConfigurationPlatforms) = preSolution
		Debug|Any CPU = Debug|Any CPU
		Release|Any CPU = Release|Any CPU
	EndGlobalSection
	GlobalSection(ProjectConfigurationPlatforms) = postSolution
		{04BA7F93-5EF6-4984-ADB3-28E7EBF5B521}.Debug|Any CPU.ActiveCfg = Debug|Any CPU
		{04BA7F93-5EF6-4984-ADB3-28E7EBF5B521}.Debug|Any CPU.Build.0 = Debug|Any CPU
		{04BA7F93-5EF6-4984-ADB3-28E7EBF5B521}.Release|Any CPU.ActiveCfg = Release|Any CPU
		{04BA7F93-5EF6-4984-ADB3-28E7EBF5B521}.Release|Any CPU.Build.0 = Release|Any CPU
		{14F2AF26-C75F-4B32-8B1E-23FD40E1D38F}.Debug|Any CPU.ActiveCfg = Debug|Any CPU
		{14F2AF26-C75F-4B32-8B1E-23FD40E1D38F}.Debug|Any CPU.Build.0 = Debug|Any CPU
		{14F2AF26-C75F-4B32-8B1E-23FD40E1D38F}.Release|Any CPU.ActiveCfg = Release|Any CPU
		{14F2AF26-C75F-4B32-8B1E-23FD40E1D38F}.Release|Any CPU.Build.0 = Release|Any CPU
		{F6B8E20A-8013-405C-A506-B619879D7E54}.Debug|Any CPU.ActiveCfg = Debug|Any CPU
		{F6B8E20A-8013-405C-A506-B619879D7E54}.Debug|Any CPU.Build.0 = Debug|Any CPU
		{F6B8E20A-8013-405C-A506-B619879D7E54}.Release|Any CPU.ActiveCfg = Release|Any CPU
		{F6B8E20A-8013-405C-A506-B619879D7E54}.Release|Any CPU.Build.0 = Release|Any CPU
	EndGlobalSection
	GlobalSection(NestedProjects) = preSolution
		{14F2AF26-C75F-4B32-8B1E-23FD40E1D38F} = {15A237E5-26D2-4A68-8CBE-E3A571058660}
		{04BA7F93-5EF6-4984-ADB3-28E7EBF5B521} = {8EF2CAD6-FEED-4DF2-94C5-4D6B474529E9}
		{F6B8E20A-8013-405C-A506-B619879D7E54} = {8EF2CAD6-FEED-4DF2-94C5-4D6B474529E9}
	EndGlobalSection
EndGlobal
