
Microsoft Visual Studio Solution File, Format Version 12.00
# 
Project("{FAE04EC0-301F-11D3-BF4B-00C04F79EFBC}") = "rundog", "src\rundog\rundog.csproj", "{04BA7F93-5EF6-4984-ADB3-28E7EBF5B521}"
EndProject
Project("{FAE04EC0-301F-11D3-BF4B-00C04F79EFBC}") = "rundog.E2E.Tests", "tests\rundog.E2E.Tests\rundog.E2E.Tests.csproj", "{14F2AF26-C75F-4B32-8B1E-23FD40E1D38F}"
EndProject
Global
	GlobalSection(SolutionConfigurationPlatforms) = preSolution
		Debug|Any CPU = Debug|Any CPU
		Release|Any CPU = Release|Any CPU
	EndGlobalSection
	GlobalSection(ProjectConfigurationPlatforms) = postSolution
		{04BA7F93-5EF6-4984-ADB3-28E7EBF5B521}.Debug|Any CPU.ActiveCfg = Debug|Any CPU
		{04BA7F93-5EF6-4984-ADB3-28E7EBF5B521}.Debug|Any CPU.Build.0 = Debug|Any CPU
		{04BA7F93-5EF6-4984-ADB3-28E7EBF5B521}.Release|Any CPU.ActiveCfg = Release|Any CPU
		{04BA7F93-5EF6-4984-ADB3-28E7EBF5B521}.Release|Any CPU.Build.0 = Release|Any CPU
		{14F2AF26-C75F-4B32-8B1E-23FD40E1D38F}.Debug|Any CPU.ActiveCfg = Debug|Any CPU
		{14F2AF26-C75F-4B32-8B1E-23FD40E1D38F}.Debug|Any CPU.Build.0 = Debug|Any CPU
		{14F2AF26-C75F-4B32-8B1E-23FD40E1D38F}.Release|Any CPU.ActiveCfg = Release|Any CPU
		{14F2AF26-C75F-4B32-8B1E-23FD40E1D38F}.Release|Any CPU.Build.0 = Release|Any CPU
	EndGlobalSection
EndGlobal
